
Microsoft Visual Studio Solution File, Format Version 12.00
# Visual Studio Version 17
VisualStudioVersion = 17.7.34024.191
MinimumVisualStudioVersion = 10.0.40219.1
Project("{FAE04EC0-301F-11D3-BF4B-00C04F79EFBC}") = "QWIIK", "QWIIK\QWIIK.csproj", "{D6EE0722-9802-4039-8BC6-C567A59F5FB9}"
EndProject
Global
	GlobalSection(SolutionConfigurationPlatforms) = preSolution
		Debug|Any CPU = Debug|Any CPU
		Release|Any CPU = Release|Any CPU
	EndGlobalSection
	GlobalSection(ProjectConfigurationPlatforms) = postSolution
		{D6EE0722-9802-4039-8BC6-C567A59F5FB9}.Debug|Any CPU.ActiveCfg = Debug|Any CPU
		{D6EE0722-9802-4039-8BC6-C567A59F5FB9}.Debug|Any CPU.Build.0 = Debug|Any CPU
		{D6EE0722-9802-4039-8BC6-C567A59F5FB9}.Release|Any CPU.ActiveCfg = Release|Any CPU
		{D6EE0722-9802-4039-8BC6-C567A59F5FB9}.Release|Any CPU.Build.0 = Release|Any CPU
	EndGlobalSection
	GlobalSection(SolutionProperties) = preSolution
		HideSolutionNode = FALSE
	EndGlobalSection
	GlobalSection(ExtensibilityGlobals) = postSolution
		SolutionGuid = {2A7DA423-946F-4849-A43A-5E6055DC2FBB}
	EndGlobalSection
EndGlobal
